
Microsoft Visual Studio Solution File, Format Version 12.00
# Visual Studio Version 16
VisualStudioVersion = 16.0.30621.155
MinimumVisualStudioVersion = 10.0.40219.1
Project("{2150E333-8FDC-42A3-9474-1A3956D46DE8}") = "src", "src", "{B298C269-F756-486E-8AEC-0CB4A8114529}"
EndProject
Project("{2150E333-8FDC-42A3-9474-1A3956D46DE8}") = "building blocks", "building blocks", "{5BB42A7A-8F44-4249-9482-A470B1A7A203}"
EndProject
Project("{2150E333-8FDC-42A3-9474-1A3956D46DE8}") = "services", "services", "{D92651CB-C424-4CC3-86DD-8C50E564B741}"
EndProject
Project("{2150E333-8FDC-42A3-9474-1A3956D46DE8}") = "web", "web", "{2D1BEAA1-9F61-455C-BED2-704FA5B95390}"
EndProject
Project("{2150E333-8FDC-42A3-9474-1A3956D46DE8}") = "Identidade", "Identidade", "{BEEB756F-12B6-45DF-8E52-A563CFD6137B}"
EndProject
Project("{9A19103F-16F7-4668-BE54-9A1E7A4F7556}") = "CBP.Identidade.API", "src\services\CBP.Identidade.API\CBP.Identidade.API.csproj", "{20A509C1-2E4A-48B8-9A4A-ED9CB5B1ABE8}"
EndProject
Project("{2150E333-8FDC-42A3-9474-1A3956D46DE8}") = "MVC", "MVC", "{8D107E16-14F8-4F99-9A1F-5293D99E42D5}"
EndProject
Project("{9A19103F-16F7-4668-BE54-9A1E7A4F7556}") = "CBP.WebApp.MVC", "src\web\CBP.WebApp.MVC\CBP.WebApp.MVC.csproj", "{BA6DD504-1D22-44A9-A75F-BBD41E366675}"
EndProject
Project("{2150E333-8FDC-42A3-9474-1A3956D46DE8}") = "Core", "Core", "{EADB00FF-F180-411B-8907-06C74A0C2CA5}"
EndProject
Project("{9A19103F-16F7-4668-BE54-9A1E7A4F7556}") = "CBP.Core", "src\building blocks\CBP.Core\CBP.Core.csproj", "{4F23537E-3F37-41F6-8C78-3F6D7875E82B}"
EndProject
Project("{2150E333-8FDC-42A3-9474-1A3956D46DE8}") = "BemPatrimonial", "BemPatrimonial", "{27FC6481-98DE-4BA5-A987-6127728848E5}"
EndProject
Project("{2150E333-8FDC-42A3-9474-1A3956D46DE8}") = "Fornecedor", "Fornecedor", "{84941E57-611B-486C-B3BA-09A080FD0EBF}"
EndProject
Project("{2150E333-8FDC-42A3-9474-1A3956D46DE8}") = "Local", "Local", "{696FA7F1-6722-4723-BFF0-45D087665ACC}"
EndProject
Project("{2150E333-8FDC-42A3-9474-1A3956D46DE8}") = "Termo", "Termo", "{11DE8EE8-3489-4EA9-9DAD-91647E947431}"
EndProject
Project("{2150E333-8FDC-42A3-9474-1A3956D46DE8}") = "Transferencia", "Transferencia", "{F59A7149-8D8D-4B57-A7F8-F99D05E07DFD}"
EndProject
Project("{2150E333-8FDC-42A3-9474-1A3956D46DE8}") = "Baixa", "Baixa", "{1D9B8F46-E179-4093-AEBC-AD4320B56EE4}"
EndProject
Project("{2150E333-8FDC-42A3-9474-1A3956D46DE8}") = "Emprestimo", "Emprestimo", "{C8F7C264-E0A6-4B77-B042-5DF05D7E8114}"
EndProject
Project("{2150E333-8FDC-42A3-9474-1A3956D46DE8}") = "Doacao", "Doacao", "{0CFE656A-BAA3-4C3C-91E6-C44273C9AD7A}"
EndProject
Project("{9A19103F-16F7-4668-BE54-9A1E7A4F7556}") = "CBP.BemPatrimonial.API", "src\services\CBP.BemPatrimonial.API\CBP.BemPatrimonial.API.csproj", "{629E5A07-C28C-4B66-8EBA-174EB033A8E8}"
EndProject
Project("{9A19103F-16F7-4668-BE54-9A1E7A4F7556}") = "CBP.Fornecedor.API", "src\services\CBP.Fornecedor.API\CBP.Fornecedor.API.csproj", "{F85011AD-3185-4D40-9549-37A51805DBD7}"
EndProject
Project("{9A19103F-16F7-4668-BE54-9A1E7A4F7556}") = "CBP.Local.API", "src\services\CBP.Local.API\CBP.Local.API.csproj", "{D1FD4194-DD11-4BF3-94C6-8187FBAED836}"
EndProject
Project("{9A19103F-16F7-4668-BE54-9A1E7A4F7556}") = "CBP.Baixa.API", "src\services\CBP.Baixa.API\Termo\CBP.Baixa.API.csproj", "{3AD7B22E-9DD6-48ED-8E7B-BF5D20CDC44A}"
EndProject
Project("{9A19103F-16F7-4668-BE54-9A1E7A4F7556}") = "CBP.Doacao.API", "src\services\CBP.Doacao.API\Termo\CBP.Doacao.API.csproj", "{BFABFB0F-9D8B-4F50-9E5E-4FE85B67024C}"
EndProject
Project("{9A19103F-16F7-4668-BE54-9A1E7A4F7556}") = "CBP.Emprestimo.API", "src\services\CBP.Emprestimo.API\Termo\CBP.Emprestimo.API.csproj", "{13AC8A30-C532-4570-BF9A-6F1D460720AF}"
EndProject
Project("{2150E333-8FDC-42A3-9474-1A3956D46DE8}") = "Services", "Services", "{089BD0A5-DC27-4223-8A8B-C6EA4E9074B0}"
EndProject
Project("{9A19103F-16F7-4668-BE54-9A1E7A4F7556}") = "CBP.WebAPI.Core", "src\building blocks\CBP.WebAPI.Core\CBP.WebAPI.Core.csproj", "{F361214B-4536-4627-B4EC-44128610DAE3}"
EndProject
Project("{2150E333-8FDC-42A3-9474-1A3956D46DE8}") = "Responsavel", "Responsavel", "{E9BCB25F-F52C-46E1-9690-C716383A02CB}"
EndProject
Project("{9A19103F-16F7-4668-BE54-9A1E7A4F7556}") = "CBP.ResponsavelPatrimonial.API", "src\services\CBP.ResponsavelPatrimonial.API\CBP.ResponsavelPatrimonial.API.csproj", "{4CE8025C-9C7A-4328-B0E3-5D95AF0CD806}"
EndProject
Project("{9A19103F-16F7-4668-BE54-9A1E7A4F7556}") = "CBP.MessageBus", "src\building blocks\CBP.MessageBus\CBP.MessageBus.csproj", "{57719DEE-F073-40EF-B364-A8544DC0D4EA}"
EndProject
Project("{9A19103F-16F7-4668-BE54-9A1E7A4F7556}") = "CBP.Transferencia.API", "src\services\Termo\CBP.Transferencia.API\CBP.Transferencia.API.csproj", "{AA3E2485-387B-47A4-8D65-D4C40D5890A3}"
EndProject
Project("{2150E333-8FDC-42A3-9474-1A3956D46DE8}") = "ApiGateways", "ApiGateways", "{8DF4EE3C-7EBB-4709-8508-8CED21C2653F}"
EndProject
Project("{2150E333-8FDC-42A3-9474-1A3956D46DE8}") = "Termos", "Termos", "{00F86193-D5C5-4C89-9A0F-810359A46BD3}"
EndProject
Project("{9A19103F-16F7-4668-BE54-9A1E7A4F7556}") = "CBP.Bff.Termos", "src\api gateways\CBP.Bff.Termos\CBP.Bff.Termos.csproj", "{7E615D72-E8C3-40FF-A66D-EF94E4E137C9}"
EndProject
Global
	GlobalSection(SolutionConfigurationPlatforms) = preSolution
		Debug|Any CPU = Debug|Any CPU
		Release|Any CPU = Release|Any CPU
	EndGlobalSection
	GlobalSection(ProjectConfigurationPlatforms) = postSolution
		{20A509C1-2E4A-48B8-9A4A-ED9CB5B1ABE8}.Debug|Any CPU.ActiveCfg = Debug|Any CPU
		{20A509C1-2E4A-48B8-9A4A-ED9CB5B1ABE8}.Debug|Any CPU.Build.0 = Debug|Any CPU
		{20A509C1-2E4A-48B8-9A4A-ED9CB5B1ABE8}.Release|Any CPU.ActiveCfg = Release|Any CPU
		{20A509C1-2E4A-48B8-9A4A-ED9CB5B1ABE8}.Release|Any CPU.Build.0 = Release|Any CPU
		{BA6DD504-1D22-44A9-A75F-BBD41E366675}.Debug|Any CPU.ActiveCfg = Debug|Any CPU
		{BA6DD504-1D22-44A9-A75F-BBD41E366675}.Debug|Any CPU.Build.0 = Debug|Any CPU
		{BA6DD504-1D22-44A9-A75F-BBD41E366675}.Release|Any CPU.ActiveCfg = Release|Any CPU
		{BA6DD504-1D22-44A9-A75F-BBD41E366675}.Release|Any CPU.Build.0 = Release|Any CPU
		{4F23537E-3F37-41F6-8C78-3F6D7875E82B}.Debug|Any CPU.ActiveCfg = Debug|Any CPU
		{4F23537E-3F37-41F6-8C78-3F6D7875E82B}.Debug|Any CPU.Build.0 = Debug|Any CPU
		{4F23537E-3F37-41F6-8C78-3F6D7875E82B}.Release|Any CPU.ActiveCfg = Release|Any CPU
		{4F23537E-3F37-41F6-8C78-3F6D7875E82B}.Release|Any CPU.Build.0 = Release|Any CPU
		{629E5A07-C28C-4B66-8EBA-174EB033A8E8}.Debug|Any CPU.ActiveCfg = Debug|Any CPU
		{629E5A07-C28C-4B66-8EBA-174EB033A8E8}.Debug|Any CPU.Build.0 = Debug|Any CPU
		{629E5A07-C28C-4B66-8EBA-174EB033A8E8}.Release|Any CPU.ActiveCfg = Release|Any CPU
		{629E5A07-C28C-4B66-8EBA-174EB033A8E8}.Release|Any CPU.Build.0 = Release|Any CPU
		{F85011AD-3185-4D40-9549-37A51805DBD7}.Debug|Any CPU.ActiveCfg = Debug|Any CPU
		{F85011AD-3185-4D40-9549-37A51805DBD7}.Debug|Any CPU.Build.0 = Debug|Any CPU
		{F85011AD-3185-4D40-9549-37A51805DBD7}.Release|Any CPU.ActiveCfg = Release|Any CPU
		{F85011AD-3185-4D40-9549-37A51805DBD7}.Release|Any CPU.Build.0 = Release|Any CPU
		{D1FD4194-DD11-4BF3-94C6-8187FBAED836}.Debug|Any CPU.ActiveCfg = Debug|Any CPU
		{D1FD4194-DD11-4BF3-94C6-8187FBAED836}.Debug|Any CPU.Build.0 = Debug|Any CPU
		{D1FD4194-DD11-4BF3-94C6-8187FBAED836}.Release|Any CPU.ActiveCfg = Release|Any CPU
		{D1FD4194-DD11-4BF3-94C6-8187FBAED836}.Release|Any CPU.Build.0 = Release|Any CPU
		{3AD7B22E-9DD6-48ED-8E7B-BF5D20CDC44A}.Debug|Any CPU.ActiveCfg = Debug|Any CPU
		{3AD7B22E-9DD6-48ED-8E7B-BF5D20CDC44A}.Debug|Any CPU.Build.0 = Debug|Any CPU
		{3AD7B22E-9DD6-48ED-8E7B-BF5D20CDC44A}.Release|Any CPU.ActiveCfg = Release|Any CPU
		{3AD7B22E-9DD6-48ED-8E7B-BF5D20CDC44A}.Release|Any CPU.Build.0 = Release|Any CPU
		{BFABFB0F-9D8B-4F50-9E5E-4FE85B67024C}.Debug|Any CPU.ActiveCfg = Debug|Any CPU
		{BFABFB0F-9D8B-4F50-9E5E-4FE85B67024C}.Debug|Any CPU.Build.0 = Debug|Any CPU
		{BFABFB0F-9D8B-4F50-9E5E-4FE85B67024C}.Release|Any CPU.ActiveCfg = Release|Any CPU
		{BFABFB0F-9D8B-4F50-9E5E-4FE85B67024C}.Release|Any CPU.Build.0 = Release|Any CPU
		{13AC8A30-C532-4570-BF9A-6F1D460720AF}.Debug|Any CPU.ActiveCfg = Debug|Any CPU
		{13AC8A30-C532-4570-BF9A-6F1D460720AF}.Debug|Any CPU.Build.0 = Debug|Any CPU
		{13AC8A30-C532-4570-BF9A-6F1D460720AF}.Release|Any CPU.ActiveCfg = Release|Any CPU
		{13AC8A30-C532-4570-BF9A-6F1D460720AF}.Release|Any CPU.Build.0 = Release|Any CPU
		{F361214B-4536-4627-B4EC-44128610DAE3}.Debug|Any CPU.ActiveCfg = Debug|Any CPU
		{F361214B-4536-4627-B4EC-44128610DAE3}.Debug|Any CPU.Build.0 = Debug|Any CPU
		{F361214B-4536-4627-B4EC-44128610DAE3}.Release|Any CPU.ActiveCfg = Release|Any CPU
		{F361214B-4536-4627-B4EC-44128610DAE3}.Release|Any CPU.Build.0 = Release|Any CPU
		{4CE8025C-9C7A-4328-B0E3-5D95AF0CD806}.Debug|Any CPU.ActiveCfg = Debug|Any CPU
		{4CE8025C-9C7A-4328-B0E3-5D95AF0CD806}.Debug|Any CPU.Build.0 = Debug|Any CPU
		{4CE8025C-9C7A-4328-B0E3-5D95AF0CD806}.Release|Any CPU.ActiveCfg = Release|Any CPU
		{4CE8025C-9C7A-4328-B0E3-5D95AF0CD806}.Release|Any CPU.Build.0 = Release|Any CPU
		{57719DEE-F073-40EF-B364-A8544DC0D4EA}.Debug|Any CPU.ActiveCfg = Debug|Any CPU
		{57719DEE-F073-40EF-B364-A8544DC0D4EA}.Debug|Any CPU.Build.0 = Debug|Any CPU
		{57719DEE-F073-40EF-B364-A8544DC0D4EA}.Release|Any CPU.ActiveCfg = Release|Any CPU
		{57719DEE-F073-40EF-B364-A8544DC0D4EA}.Release|Any CPU.Build.0 = Release|Any CPU
		{AA3E2485-387B-47A4-8D65-D4C40D5890A3}.Debug|Any CPU.ActiveCfg = Debug|Any CPU
		{AA3E2485-387B-47A4-8D65-D4C40D5890A3}.Debug|Any CPU.Build.0 = Debug|Any CPU
		{AA3E2485-387B-47A4-8D65-D4C40D5890A3}.Release|Any CPU.ActiveCfg = Release|Any CPU
		{AA3E2485-387B-47A4-8D65-D4C40D5890A3}.Release|Any CPU.Build.0 = Release|Any CPU
		{7E615D72-E8C3-40FF-A66D-EF94E4E137C9}.Debug|Any CPU.ActiveCfg = Debug|Any CPU
		{7E615D72-E8C3-40FF-A66D-EF94E4E137C9}.Debug|Any CPU.Build.0 = Debug|Any CPU
		{7E615D72-E8C3-40FF-A66D-EF94E4E137C9}.Release|Any CPU.ActiveCfg = Release|Any CPU
		{7E615D72-E8C3-40FF-A66D-EF94E4E137C9}.Release|Any CPU.Build.0 = Release|Any CPU
	EndGlobalSection
	GlobalSection(SolutionProperties) = preSolution
		HideSolutionNode = FALSE
	EndGlobalSection
	GlobalSection(NestedProjects) = preSolution
		{5BB42A7A-8F44-4249-9482-A470B1A7A203} = {B298C269-F756-486E-8AEC-0CB4A8114529}
		{D92651CB-C424-4CC3-86DD-8C50E564B741} = {B298C269-F756-486E-8AEC-0CB4A8114529}
		{2D1BEAA1-9F61-455C-BED2-704FA5B95390} = {B298C269-F756-486E-8AEC-0CB4A8114529}
		{BEEB756F-12B6-45DF-8E52-A563CFD6137B} = {D92651CB-C424-4CC3-86DD-8C50E564B741}
		{20A509C1-2E4A-48B8-9A4A-ED9CB5B1ABE8} = {BEEB756F-12B6-45DF-8E52-A563CFD6137B}
		{8D107E16-14F8-4F99-9A1F-5293D99E42D5} = {2D1BEAA1-9F61-455C-BED2-704FA5B95390}
		{BA6DD504-1D22-44A9-A75F-BBD41E366675} = {8D107E16-14F8-4F99-9A1F-5293D99E42D5}
		{EADB00FF-F180-411B-8907-06C74A0C2CA5} = {5BB42A7A-8F44-4249-9482-A470B1A7A203}
		{4F23537E-3F37-41F6-8C78-3F6D7875E82B} = {EADB00FF-F180-411B-8907-06C74A0C2CA5}
		{27FC6481-98DE-4BA5-A987-6127728848E5} = {D92651CB-C424-4CC3-86DD-8C50E564B741}
		{84941E57-611B-486C-B3BA-09A080FD0EBF} = {D92651CB-C424-4CC3-86DD-8C50E564B741}
		{696FA7F1-6722-4723-BFF0-45D087665ACC} = {D92651CB-C424-4CC3-86DD-8C50E564B741}
		{11DE8EE8-3489-4EA9-9DAD-91647E947431} = {D92651CB-C424-4CC3-86DD-8C50E564B741}
		{F59A7149-8D8D-4B57-A7F8-F99D05E07DFD} = {11DE8EE8-3489-4EA9-9DAD-91647E947431}
		{1D9B8F46-E179-4093-AEBC-AD4320B56EE4} = {11DE8EE8-3489-4EA9-9DAD-91647E947431}
		{C8F7C264-E0A6-4B77-B042-5DF05D7E8114} = {11DE8EE8-3489-4EA9-9DAD-91647E947431}
		{0CFE656A-BAA3-4C3C-91E6-C44273C9AD7A} = {11DE8EE8-3489-4EA9-9DAD-91647E947431}
		{629E5A07-C28C-4B66-8EBA-174EB033A8E8} = {27FC6481-98DE-4BA5-A987-6127728848E5}
		{F85011AD-3185-4D40-9549-37A51805DBD7} = {84941E57-611B-486C-B3BA-09A080FD0EBF}
		{D1FD4194-DD11-4BF3-94C6-8187FBAED836} = {696FA7F1-6722-4723-BFF0-45D087665ACC}
		{3AD7B22E-9DD6-48ED-8E7B-BF5D20CDC44A} = {1D9B8F46-E179-4093-AEBC-AD4320B56EE4}
		{BFABFB0F-9D8B-4F50-9E5E-4FE85B67024C} = {0CFE656A-BAA3-4C3C-91E6-C44273C9AD7A}
		{13AC8A30-C532-4570-BF9A-6F1D460720AF} = {C8F7C264-E0A6-4B77-B042-5DF05D7E8114}
		{089BD0A5-DC27-4223-8A8B-C6EA4E9074B0} = {5BB42A7A-8F44-4249-9482-A470B1A7A203}
		{F361214B-4536-4627-B4EC-44128610DAE3} = {089BD0A5-DC27-4223-8A8B-C6EA4E9074B0}
		{E9BCB25F-F52C-46E1-9690-C716383A02CB} = {D92651CB-C424-4CC3-86DD-8C50E564B741}
		{4CE8025C-9C7A-4328-B0E3-5D95AF0CD806} = {E9BCB25F-F52C-46E1-9690-C716383A02CB}
		{57719DEE-F073-40EF-B364-A8544DC0D4EA} = {5BB42A7A-8F44-4249-9482-A470B1A7A203}
		{AA3E2485-387B-47A4-8D65-D4C40D5890A3} = {F59A7149-8D8D-4B57-A7F8-F99D05E07DFD}
		{8DF4EE3C-7EBB-4709-8508-8CED21C2653F} = {B298C269-F756-486E-8AEC-0CB4A8114529}
		{00F86193-D5C5-4C89-9A0F-810359A46BD3} = {8DF4EE3C-7EBB-4709-8508-8CED21C2653F}
		{7E615D72-E8C3-40FF-A66D-EF94E4E137C9} = {00F86193-D5C5-4C89-9A0F-810359A46BD3}
	EndGlobalSection
	GlobalSection(ExtensibilityGlobals) = postSolution
		SolutionGuid = {01205DA7-DB87-47A7-A79F-B7D46B5BAA45}
	EndGlobalSection
EndGlobal
